dependencies:
- name: metacontroller-helm
  repository: oci://ghcr.io/metacontroller
  version: 4.15.0
- name: loki
  repository: https://grafana.github.io/helm-charts
  version: 6.55.0
- name: alloy
  repository: https://grafana.github.io/helm-charts
  version: 1.11.1
digest: sha256:e04f543a18987980a55fe982f0ebce03207e3347229d670b958eb3d4e27aa413
generated: "2026-08-17T14:41:31.506060316Z"
