dependencies:
- name: metacontroller-helm
  repository: oci://ghcr.io/metacontroller
  version: 4.17.2
- name: loki
  repository: https://grafana.github.io/helm-charts
  version: 6.35.1
- name: alloy
  repository: https://grafana.github.io/helm-charts
  version: 1.8.2
digest: sha256:2831252fd8f5a45d589b6ae715be5170fb2fc7e93990f1ff98b7cb5035c514a8
generated: "2026-08-17T14:09:42.247733256Z"
