dependencies:
- name: metacontroller-helm
  repository: oci://ghcr.io/metacontroller
  version: 4.17.2
- name: loki
  repository: https://grafana.github.io/helm-charts
  version: 6.55.0
- name: alloy
  repository: https://grafana.github.io/helm-charts
  version: 1.12.1
digest: sha256:16e6c5d8cc873950fd49f4ded6ffbcff765de0c28f74bae42b59868e453040d3
generated: "2026-09-02T01:37:06.587424175Z"
